
Microsoft Visual Studio Solution File, Format Version 12.00
# Visual Studio Version 16
VisualStudioVersion = 16.0.30717.126
MinimumVisualStudioVersion = 10.0.40219.1
Project("{FAE04EC0-301F-11D3-BF4B-00C04F79EFBC}") = "MSTestPractise", "MSTestPractise\MSTestPractise.csproj", "{9DEE2EFE-CF7C-4E77-BFA6-46AAE3286582}"
EndProject
Global
	GlobalSection(SolutionConfigurationPlatforms) = preSolution
		Debug|Any CPU = Debug|Any CPU
		Release|Any CPU = Release|Any CPU
	EndGlobalSection
	GlobalSection(ProjectConfigurationPlatforms) = postSolution
		{9DEE2EFE-CF7C-4E77-BFA6-46AAE3286582}.Debug|Any CPU.ActiveCfg = Debug|Any CPU
		{9DEE2EFE-CF7C-4E77-BFA6-46AAE3286582}.Debug|Any CPU.Build.0 = Debug|Any CPU
		{9DEE2EFE-CF7C-4E77-BFA6-46AAE3286582}.Release|Any CPU.ActiveCfg = Release|Any CPU
		{9DEE2EFE-CF7C-4E77-BFA6-46AAE3286582}.Release|Any CPU.Build.0 = Release|Any CPU
	EndGlobalSection
	GlobalSection(SolutionProperties) = preSolution
		HideSolutionNode = FALSE
	EndGlobalSection
	GlobalSection(ExtensibilityGlobals) = postSolution
		SolutionGuid = {893C103F-C6F3-44E7-9B36-D83F8C1B8754}
	EndGlobalSection
EndGlobal
